github.com/Masterminds/semver/v3 v3.2.1 h1:RN9w6+7QoMeJVGyfmbcgs28Br8cvmnucEXnY0rYXWg0=
github.com/Masterminds/semver/v3 v3.2.1/go.mod h1:qvl/7zhW3nngYb5+80sSMF+FG2BjYrf8m9wsX0PNOMQ=
github.com/cpuguy83/go-md2man/v2 v2.0.4 h1:wfIWP927BUkWJb2NmU/kNDYIBTh/ziUX91+lVfRxZq4=
github.com/cpuguy83/go-md2man/v2 v2.0.4/go.mod h1:tgQtvFlXSQOSOSIRvRPT7W67SCa46tRHOmNcaadrF8o=
github.com/davecgh/go-spew v1.1.1 h1:vj9j/u1bqnvCEfJOwUhtlOARqs3+rkHYY13jYWTU97c=
github.com/davecgh/go-spew v1.1.1/go.mod h1:J7Y8YcW2NihsgmVo/mv3lAwl/skON4iLHjSsI+c5H38=
github.com/fabien-marty/slog-helpers v0.0.0-20240528150220-e08430a66b1b h1:uw/V7Hpwuy2mXbcjxjXPjBGPwj53+pVhuT9hSocYLWo=
github.com/fabien-marty/slog-helpers v0.0.0-20240528150220-e08430a66b1b/go.mod h1:4zmSTPmYiZXAq602N/MxavdtIU5YS1d9fdJTXgWMW28=
github.com/fabien-marty/slog-helpers v0.0.0-20240624050821-05acd2d8ac41 h1:ey/lZ56dsvD31arFP8tW0tDscZL8r3bESZTrReDYjAA=
github.com/fabien-marty/slog-helpers v0.0.0-20240624050821-05acd2d8ac41/go.mod h1:4zmSTPmYiZXAq602N/MxavdtIU5YS1d9fdJTXgWMW28=
github.com/fabien-marty/slog-helpers v0.0.0-20240624063600-773d61849b89 h1:dfxFAMTnLq3jNF8wMK+/oLk3y61BuRjZHJHCMNaGpfQ=
github.com/fabien-marty/slog-helpers v0.0.0-20240624063600-773d61849b89/go.mod h1:2V/BsRxp1nJU5awq+f92qcG45r932QPSJniELs4uJ5s=
github.com/fabien-marty/tracerr v0.0.0-20240521193902-a136106672ba h1:0SC9J7hUs43O0D9rLKqzbNJM2qoTBrYVfdSRMJL7UT4=
github.com/fabien-marty/tracerr v0.0.0-20240521193902-a136106672ba/go.mod h1:PaFfYlas0DfmXNpo7Eay4MFhZUONqvXM+T2HyGPpngk=
github.com/fabien-marty/tracerr v0.0.0-20240624051446-7f090eca46ee h1:eiZ6JMlML+keJ69rWBkV5RENVIw66+M2rrz0AXO+1Ns=
github.com/fabien-marty/tracerr v0.0.0-20240624051446-7f090eca46ee/go.mod h1:eqKGnFoVPY3Ng/iRRYfMxOum60YwQh7ZzYILKbYI7UY=
github.com/google/go-cmp v0.5.2/go.mod h1:v8dTdLbMG2kIc/vJvl+f65V22dbkXbowE6jgT/gNBxE=
github.com/google/go-cmp v0.6.0 h1:ofyhxvXcZhMsU5ulbFiLKl/XBFqE1GSq7atu8tAmTRI=
github.com/google/go-cmp v0.6.0/go.mod h1:17dUlkBOakJ0+DkrSSNjCkIjxS6bF9zb3elmeNGIjoY=
github.com/google/go-github/v62 v62.0.0 h1:/6mGCaRywZz9MuHyw9gD1CwsbmBX8GWsbFkwMmHdhl4=
github.com/google/go-github/v62 v62.0.0/go.mod h1:EMxeUqGJq2xRu9DYBMwel/mr7kZrzUOfQmmpYrZn2a4=
github.com/google/go-querystring v1.1.0 h1:AnCroh3fv4ZBgVIf1Iwtovgjaw/GiKJo8M8yD/fhyJ8=
github.com/google/go-querystring v1.1.0/go.mod h1:Kcdr2DB4koayq7X8pmAG4sNG59So17icRSOU623lUBU=
github.com/mattn/go-isatty v0.0.20 h1:xfD0iDuEKnDkl03q4limB+vH+GxLEtL/jb4xVJSWWEY=
github.com/mattn/go-isatty v0.0.20/go.mod h1:W+V8PltTTMOvKvAeJH7IuucS94S2C6jfK/D7dTCTo3Y=
github.com/pmezard/go-difflib v1.0.0 h1:4DBwDE0NGyQoBHbLQYPwSUPoCMWR5BEzIk/f1lZbAQM=
github.com/pmezard/go-difflib v1.0.0/go.mod h1:iKH77koFhYxTK1pcRnkKkqfTogsbg7gZNVY4sRDYZ/4=
github.com/relvacode/iso8601 v1.4.0 h1:GsInVSEJfkYuirYFxa80nMLbH2aydgZpIf52gYZXUJs=
github.com/relvacode/iso8601 v1.4.0/go.mod h1:FlNp+jz+TXpyRqgmM7tnzHHzBnz776kmAH2h3sZCn0I=
github.com/russross/blackfriday/v2 v2.1.0 h1:JIOH55/0cWyOuilr9/qlrm0BSXldqnqwMsf35Ld67mk=
github.com/russross/blackfriday/v2 v2.1.0/go.mod h1:+Rmxgy9KzJVeS9/2gXHxylqXiyQDYRxCVz55jmeOWTM=
github.com/stretchr/testify v1.9.0 h1:HtqpIVDClZ4nwg75+f6Lvsy/wHu+3BoSGCbBAcpTsTg=
github.com/stretchr/testify v1.9.0/go.mod h1:r2ic/lqez/lEtzL7wO/rwa5dbSLXVDPFyf8C91i36aY=
github.com/urfave/cli/v2 v2.27.2 h1:6e0H+AkS+zDckwPCUrZkKX38mRaau4nL2uipkJpbkcI=
github.com/urfave/cli/v2 v2.27.2/go.mod h1:g0+79LmHHATl7DAcHO99smiR/T7uGLw84w8Y42x+4eM=
github.com/vlad-tokarev/sloggcp v0.0.0-20230820053939-1b7dbb8c7b58 h1:sqdArBvz81qKBllnqime5QDuIoiPb871K5N40hMnorY=
github.com/vlad-tokarev/sloggcp v0.0.0-20230820053939-1b7dbb8c7b58/go.mod h1:h+csr3AM3SV5jTnXSvHPRPZdwoOg+TxGCWNmAcDolbA=
github.com/xrash/smetrics v0.0.0-20240312152122-5f08fbb34913 h1:+qGGcbkzsfDQNPPe9UDgpxAWQrhbbBXOYJFQDq/dtJw=
github.com/xrash/smetrics v0.0.0-20240312152122-5f08fbb34913/go.mod h1:4aEEwZQutDLsQv2Deui4iYQ6DWTxR14g6m8Wv88+Xqk=
golang.org/x/sys v0.6.0 h1:MVltZSvRTcU2ljQOhs94SXPftV6DCNnZViHeQps87pQ=
golang.org/x/sys v0.6.0/go.mod h1:oPkhp1MJrh7nUepCBck5+mAzfO9JrbApNNgaTdGDITg=
golang.org/x/xerrors v0.0.0-20191204190536-9bdfabe68543/go.mod h1:I/5z698sn9Ka8TeJc9MKroUUfqBBauWjQqLJ2OPfmY0=
gopkg.in/check.v1 v0.0.0-20161208181325-20d25e280405 h1:yhCVgyC4o1eVCa2tZl7eS0r+SDo693bJlVdllGtEeKM=
gopkg.in/check.v1 v0.0.0-20161208181325-20d25e280405/go.mod h1:Co6ibVJAznAaIkqp8huTwlJQCZ016jof/cbN4VW5Yz0=
gopkg.in/yaml.v3 v3.0.1 h1:fxVm/GzAzEWqLHuvctI91KS9hhNmmWOoWu0XTYJS7CA=
gopkg.in/yaml.v3 v3.0.1/go.mod h1:K4uyk7z7BCEPqu6E+C64Yfv1cQ7kz7rIZviUmN+EgEM=
